{
  "name": "@ahrefs/bs-numeral",
  "version": "0.1.1",
  "lockfileVersion": 1,
  "requires": true,
  "dependencies": {
    "bs-platform": {
      "version": "4.0.5",
      "resolved": "https://registry.npmjs.org/bs-platform/-/bs-platform-4.0.5.tgz",
      "integrity": "sha512-wK+yUx/5ojlrxgk/EB3Hla7+9NEnE8PxtGb71e4IsKnWPXrRAaVtdTuoWWClv8z77xntOFg8qTgYfYyh9xLMWA==",
      "dev": true
    },
    "numeral": {
      "version": "2.0.6",
      "resolved": "https://registry.npmjs.org/numeral/-/numeral-2.0.6.tgz",
      "integrity": "sha1-StCAk21EPCVhrtnyGX7//iX05QY="
    }
  }
}
